
Microsoft Visual Studio Solution File, Format Version 12.00
# Visual Studio Version 17
VisualStudioVersion = 17.0.32014.148
MinimumVisualStudioVersion = 10.0.40219.1
Project("{9A19103F-16F7-4668-BE54-9A1E7A4F7556}") = "WebApplication1", "WebApplication1.csproj", "{856C2929-F8E5-46E1-B869-9E5A54B2F688}"
EndProject
Project("{FAE04EC0-301F-11D3-BF4B-00C04F79EFBC}") = "Repository", "..\Repository\Repository.csproj", "{E3CA0006-6F26-446E-B65C-D02AC87F4D97}"
EndProject
Global
	GlobalSection(SolutionConfigurationPlatforms) = preSolution
		Debug|Any CPU = Debug|Any CPU
		Release|Any CPU = Release|Any CPU
	EndGlobalSection
	GlobalSection(ProjectConfigurationPlatforms) = postSolution
		{856C2929-F8E5-46E1-B869-9E5A54B2F688}.Debug|Any CPU.ActiveCfg = Debug|Any CPU
		{856C2929-F8E5-46E1-B869-9E5A54B2F688}.Debug|Any CPU.Build.0 = Debug|Any CPU
		{856C2929-F8E5-46E1-B869-9E5A54B2F688}.Release|Any CPU.ActiveCfg = Release|Any CPU
		{856C2929-F8E5-46E1-B869-9E5A54B2F688}.Release|Any CPU.Build.0 = Release|Any CPU
		{E3CA0006-6F26-446E-B65C-D02AC87F4D97}.Debug|Any CPU.ActiveCfg = Debug|Any CPU
		{E3CA0006-6F26-446E-B65C-D02AC87F4D97}.Debug|Any CPU.Build.0 = Debug|Any CPU
		{E3CA0006-6F26-446E-B65C-D02AC87F4D97}.Release|Any CPU.ActiveCfg = Release|Any CPU
		{E3CA0006-6F26-446E-B65C-D02AC87F4D97}.Release|Any CPU.Build.0 = Release|Any CPU
	EndGlobalSection
	GlobalSection(SolutionProperties) = preSolution
		HideSolutionNode = FALSE
	EndGlobalSection
	GlobalSection(ExtensibilityGlobals) = postSolution
		SolutionGuid = {2A491E17-62AD-4892-B6CB-64212D0634B8}
	EndGlobalSection
EndGlobal
