
Microsoft Visual Studio Solution File, Format Version 12.00
# Visual Studio Version 17
VisualStudioVersion = 17.0.32014.148
MinimumVisualStudioVersion = 10.0.40219.1
Project("{9A19103F-16F7-4668-BE54-9A1E7A4F7556}") = "FnFManagement", "FnFManagement\FnFManagement.csproj", "{5FF8F1A0-2B6F-46CE-BBB0-B5D9AF01AF1D}"
EndProject
Global
	GlobalSection(SolutionConfigurationPlatforms) = preSolution
		Debug|Any CPU = Debug|Any CPU
		Release|Any CPU = Release|Any CPU
	EndGlobalSection
	GlobalSection(ProjectConfigurationPlatforms) = postSolution
		{5FF8F1A0-2B6F-46CE-BBB0-B5D9AF01AF1D}.Debug|Any CPU.ActiveCfg = Debug|Any CPU
		{5FF8F1A0-2B6F-46CE-BBB0-B5D9AF01AF1D}.Debug|Any CPU.Build.0 = Debug|Any CPU
		{5FF8F1A0-2B6F-46CE-BBB0-B5D9AF01AF1D}.Release|Any CPU.ActiveCfg = Release|Any CPU
		{5FF8F1A0-2B6F-46CE-BBB0-B5D9AF01AF1D}.Release|Any CPU.Build.0 = Release|Any CPU
	EndGlobalSection
	GlobalSection(SolutionProperties) = preSolution
		HideSolutionNode = FALSE
	EndGlobalSection
	GlobalSection(ExtensibilityGlobals) = postSolution
		SolutionGuid = {52D62F48-61AF-4987-B86E-A764C75E1E8F}
	EndGlobalSection
EndGlobal
